// !$*UTF8*$!
{
	archiveVersion = 1;
	classes = {
	};
	objectVersion = 50;
	objects = {

/* Begin PBXBuildFile section */
		6C84D8E2230FCEFB003B6E70 /* AppDelegate.swift in Sources */ = {isa = PBXBuildFile; fileRef = 6C84D8E1230FCEFB003B6E70 /* AppDelegate.swift */; };
		6C84D8E4230FCEFB003B6E70 /* ViewController.swift in Sources */ = {isa = PBXBuildFile; fileRef = 6C84D8E3230FCEFB003B6E70 /* ViewController.swift */; };
		6C84D8E7230FCEFB003B6E70 /* Main.storyboard in Resources */ = {isa = PBXBuildFile; fileRef = 6C84D8E5230FCEFB003B6E70 /* Main.storyboard */; };
		6C84D8E9230FCEFC003B6E70 /* Assets.xcassets in Resources */ = {isa = PBXBuildFile; fileRef = 6C84D8E8230FCEFC003B6E70 /* Assets.xcassets */; };
		6C84D8EC230FCEFC003B6E70 /* LaunchScreen.storyboard in Resources */ = {isa = PBXBuildFile; fileRef = 6C84D8EA230FCEFC003B6E70 /* LaunchScreen.storyboard */; };
		6C84D92B230FD18C003B6E70 /* YBPDFExport.swift in Sources */ = {isa = PBXBuildFile; fileRef = 6C84D92A230FD18C003B6E70 /* YBPDFExport.swift */; };
		6C84D944230FD41A003B6E70 /* ThemeProtocol.swift in Sources */ = {isa = PBXBuildFile; fileRef = 6C84D930230FD414003B6E70 /* ThemeProtocol.swift */; };
		6C84D945230FD41A003B6E70 /* ThemeManager.swift in Sources */ = {isa = PBXBuildFile; fileRef = 6C84D931230FD415003B6E70 /* ThemeManager.swift */; };
		6C84D946230FD41A003B6E70 /* Theme.swift in Sources */ = {isa = PBXBuildFile; fileRef = 6C84D932230FD419003B6E70 /* Theme.swift */; };
		6C84D947230FD41A003B6E70 /* ThemeTextView.swift in Sources */ = {isa = PBXBuildFile; fileRef = 6C84D934230FD41A003B6E70 /* ThemeTextView.swift */; };
		6C84D948230FD41A003B6E70 /* ThemeTableViewCell.swift in Sources */ = {isa = PBXBuildFile; fileRef = 6C84D935230FD41A003B6E70 /* ThemeTableViewCell.swift */; };
		6C84D949230FD41A003B6E70 /* ThemeTableView.swift in Sources */ = {isa = PBXBuildFile; fileRef = 6C84D936230FD41A003B6E70 /* ThemeTableView.swift */; };
		6C84D94A230FD41A003B6E70 /* ThemeLabel.swift in Sources */ = {isa = PBXBuildFile; fileRef = 6C84D937230FD41A003B6E70 /* ThemeLabel.swift */; };
		6C84D94B230FD41A003B6E70 /* ThemeCollectionView.swift in Sources */ = {isa = PBXBuildFile; fileRef = 6C84D938230FD41A003B6E70 /* ThemeCollectionView.swift */; };
		6C84D94C230FD41A003B6E70 /* ThemeCollectionViewCell.swift in Sources */ = {isa = PBXBuildFile; fileRef = 6C84D939230FD41A003B6E70 /* ThemeCollectionViewCell.swift */; };
		6C84D94D230FD41A003B6E70 /* ThemeTextField.swift in Sources */ = {isa = PBXBuildFile; fileRef = 6C84D93A230FD41A003B6E70 /* ThemeTextField.swift */; };
		6C84D94E230FD41A003B6E70 /* ThemeToolBar.swift in Sources */ = {isa = PBXBuildFile; fileRef = 6C84D93B230FD41A003B6E70 /* ThemeToolBar.swift */; };
		6C84D94F230FD41A003B6E70 /* ThemeView.swift in Sources */ = {isa = PBXBuildFile; fileRef = 6C84D93C230FD41A003B6E70 /* ThemeView.swift */; };
		6C84D950230FD41A003B6E70 /* ThemeProgressView.swift in Sources */ = {isa = PBXBuildFile; fileRef = 6C84D93D230FD41A003B6E70 /* ThemeProgressView.swift */; };
		6C84D951230FD41A003B6E70 /* UINavigationBar+Theme.swift in Sources */ = {isa = PBXBuildFile; fileRef = 6C84D93E230FD41A003B6E70 /* UINavigationBar+Theme.swift */; };
		6C84D952230FD41A003B6E70 /* UITabBar+Theme.swift in Sources */ = {isa = PBXBuildFile; fileRef = 6C84D93F230FD41A003B6E70 /* UITabBar+Theme.swift */; };
		6C84D953230FD41A003B6E70 /* ThemeSearchBar.swift in Sources */ = {isa = PBXBuildFile; fileRef = 6C84D940230FD41A003B6E70 /* ThemeSearchBar.swift */; };
		6C84D954230FD41A003B6E70 /* ThemeSwitch.swift in Sources */ = {isa = PBXBuildFile; fileRef = 6C84D941230FD41A003B6E70 /* ThemeSwitch.swift */; };
		6C84D955230FD41A003B6E70 /* ThemePageControl.swift in Sources */ = {isa = PBXBuildFile; fileRef = 6C84D942230FD41A003B6E70 /* ThemePageControl.swift */; };
		6C84D956230FD41A003B6E70 /* ThemeSlider.swift in Sources */ = {isa = PBXBuildFile; fileRef = 6C84D943230FD41A003B6E70 /* ThemeSlider.swift */; };
		6C84D958230FDAF7003B6E70 /* README.md in Resources */ = {isa = PBXBuildFile; fileRef = 6C84D957230FDAF7003B6E70 /* README.md */; };
		6C84D964230FDD27003B6E70 /* SwizzleHelper.swift in Sources */ = {isa = PBXBuildFile; fileRef = 6C84D963230FDD27003B6E70 /* SwizzleHelper.swift */; };
		6C84D96E230FDD8A003B6E70 /* HtmlHelper.js in Resources */ = {isa = PBXBuildFile; fileRef = 6C84D967230FDD8A003B6E70 /* HtmlHelper.js */; };
		6C84D96F230FDD8A003B6E70 /* jquery-1.12.4.js in Resources */ = {isa = PBXBuildFile; fileRef = 6C84D968230FDD8A003B6E70 /* jquery-1.12.4.js */; };
		6C84D970230FDD8A003B6E70 /* jquery-3.1.1.min.js in Resources */ = {isa = PBXBuildFile; fileRef = 6C84D969230FDD8A003B6E70 /* jquery-3.1.1.min.js */; };
		6C84D971230FDD8A003B6E70 /* jquery.lazyload.js in Resources */ = {isa = PBXBuildFile; fileRef = 6C84D96A230FDD8A003B6E70 /* jquery.lazyload.js */; };
		6C84D972230FDD8A003B6E70 /* jquery.lazyload.min.js in Resources */ = {isa = PBXBuildFile; fileRef = 6C84D96B230FDD8A003B6E70 /* jquery.lazyload.min.js */; };
		6C84D973230FDD8A003B6E70 /* jquery-3.1.1.js in Resources */ = {isa = PBXBuildFile; fileRef = 6C84D96C230FDD8A003B6E70 /* jquery-3.1.1.js */; };
		6C84D974230FDD8A003B6E70 /* HtmlHelper.swift in Sources */ = {isa = PBXBuildFile; fileRef = 6C84D96D230FDD8A003B6E70 /* HtmlHelper.swift */; };
/* End PBXBuildFile section */

/* Begin PBXFileReference section */
		6C84D8DE230FCEFB003B6E70 /* WrenchBox.app */ = {isa = PBXFileReference; explicitFileType = wrapper.application; includeInIndex = 0; path = WrenchBox.app; sourceTree = BUILT_PRODUCTS_DIR; };
		6C84D8E1230FCEFB003B6E70 /* AppDelegate.swift */ = {isa = PBXFileReference; lastKnownFileType = sourcecode.swift; path = AppDelegate.swift; sourceTree = "<group>"; };
		6C84D8E3230FCEFB003B6E70 /* ViewController.swift */ = {isa = PBXFileReference; lastKnownFileType = sourcecode.swift; path = ViewController.swift; sourceTree = "<group>"; };
		6C84D8E6230FCEFB003B6E70 /* Base */ = {isa = PBXFileReference; lastKnownFileType = file.storyboard; name = Base; path = Base.lproj/Main.storyboard; sourceTree = "<group>"; };
		6C84D8E8230FCEFC003B6E70 /* Assets.xcassets */ = {isa = PBXFileReference; lastKnownFileType = folder.assetcatalog; path = Assets.xcassets; sourceTree = "<group>"; };
		6C84D8EB230FCEFC003B6E70 /* Base */ = {isa = PBXFileReference; lastKnownFileType = file.storyboard; name = Base; path = Base.lproj/LaunchScreen.storyboard; sourceTree = "<group>"; };
		6C84D8ED230FCEFC003B6E70 /* Info.plist */ = {isa = PBXFileReference; lastKnownFileType = text.plist.xml; path = Info.plist; sourceTree = "<group>"; };
		6C84D92A230FD18C003B6E70 /* YBPDFExport.swift */ = {isa = PBXFileReference; fileEncoding = 4; lastKnownFileType = sourcecode.swift; path = YBPDFExport.swift; sourceTree = "<group>"; };
		6C84D930230FD414003B6E70 /* ThemeProtocol.swift */ = {isa = PBXFileReference; fileEncoding = 4; lastKnownFileType = sourcecode.swift; path = ThemeProtocol.swift; sourceTree = "<group>"; };
		6C84D931230FD415003B6E70 /* ThemeManager.swift */ = {isa = PBXFileReference; fileEncoding = 4; lastKnownFileType = sourcecode.swift; path = ThemeManager.swift; sourceTree = "<group>"; };
		6C84D932230FD419003B6E70 /* Theme.swift */ = {isa = PBXFileReference; fileEncoding = 4; lastKnownFileType = sourcecode.swift; path = Theme.swift; sourceTree = "<group>"; };
		6C84D934230FD41A003B6E70 /* ThemeTextView.swift */ = {isa = PBXFileReference; fileEncoding = 4; lastKnownFileType = sourcecode.swift; path = ThemeTextView.swift; sourceTree = "<group>"; };
		6C84D935230FD41A003B6E70 /* ThemeTableViewCell.swift */ = {isa = PBXFileReference; fileEncoding = 4; lastKnownFileType = sourcecode.swift; path = ThemeTableViewCell.swift; sourceTree = "<group>"; };
		6C84D936230FD41A003B6E70 /* ThemeTableView.swift */ = {isa = PBXFileReference; fileEncoding = 4; lastKnownFileType = sourcecode.swift; path = ThemeTableView.swift; sourceTree = "<group>"; };
		6C84D937230FD41A003B6E70 /* ThemeLabel.swift */ = {isa = PBXFileReference; fileEncoding = 4; lastKnownFileType = sourcecode.swift; path = ThemeLabel.swift; sourceTree = "<group>"; };
		6C84D938230FD41A003B6E70 /* ThemeCollectionView.swift */ = {isa = PBXFileReference; fileEncoding = 4; lastKnownFileType = sourcecode.swift; path = ThemeCollectionView.swift; sourceTree = "<group>"; };
		6C84D939230FD41A003B6E70 /* ThemeCollectionViewCell.swift */ = {isa = PBXFileReference; fileEncoding = 4; lastKnownFileType = sourcecode.swift; path = ThemeCollectionViewCell.swift; sourceTree = "<group>"; };
		6C84D93A230FD41A003B6E70 /* ThemeTextField.swift */ = {isa = PBXFileReference; fileEncoding = 4; lastKnownFileType = sourcecode.swift; path = ThemeTextField.swift; sourceTree = "<group>"; };
		6C84D93B230FD41A003B6E70 /* ThemeToolBar.swift */ = {isa = PBXFileReference; fileEncoding = 4; lastKnownFileType = sourcecode.swift; path = ThemeToolBar.swift; sourceTree = "<group>"; };
		6C84D93C230FD41A003B6E70 /* ThemeView.swift */ = {isa = PBXFileReference; fileEncoding = 4; lastKnownFileType = sourcecode.swift; path = ThemeView.swift; sourceTree = "<group>"; };
		6C84D93D230FD41A003B6E70 /* ThemeProgressView.swift */ = {isa = PBXFileReference; fileEncoding = 4; lastKnownFileType = sourcecode.swift; path = ThemeProgressView.swift; sourceTree = "<group>"; };
		6C84D93E230FD41A003B6E70 /* UINavigationBar+Theme.swift */ = {isa = PBXFileReference; fileEncoding = 4; lastKnownFileType = sourcecode.swift; path = "UINavigationBar+Theme.swift"; sourceTree = "<group>"; };
		6C84D93F230FD41A003B6E70 /* UITabBar+Theme.swift */ = {isa = PBXFileReference; fileEncoding = 4; lastKnownFileType = sourcecode.swift; path = "UITabBar+Theme.swift"; sourceTree = "<group>"; };
		6C84D940230FD41A003B6E70 /* ThemeSearchBar.swift */ = {isa = PBXFileReference; fileEncoding = 4; lastKnownFileType = sourcecode.swift; path = ThemeSearchBar.swift; sourceTree = "<group>"; };
		6C84D941230FD41A003B6E70 /* ThemeSwitch.swift */ = {isa = PBXFileReference; fileEncoding = 4; lastKnownFileType = sourcecode.swift; path = ThemeSwitch.swift; sourceTree = "<group>"; };
		6C84D942230FD41A003B6E70 /* ThemePageControl.swift */ = {isa = PBXFileReference; fileEncoding = 4; lastKnownFileType = sourcecode.swift; path = ThemePageControl.swift; sourceTree = "<group>"; };
		6C84D943230FD41A003B6E70 /* ThemeSlider.swift */ = {isa = PBXFileReference; fileEncoding = 4; lastKnownFileType = sourcecode.swift; path = ThemeSlider.swift; sourceTree = "<group>"; };
		6C84D957230FDAF7003B6E70 /* README.md */ = {isa = PBXFileReference; fileEncoding = 4; lastKnownFileType = net.daringfireball.markdown; path = README.md; sourceTree = "<group>"; };
		6C84D963230FDD27003B6E70 /* SwizzleHelper.swift */ = {isa = PBXFileReference; fileEncoding = 4; lastKnownFileType = sourcecode.swift; path = SwizzleHelper.swift; sourceTree = "<group>"; };
		6C84D967230FDD8A003B6E70 /* HtmlHelper.js */ = {isa = PBXFileReference; fileEncoding = 4; lastKnownFileType = sourcecode.javascript; path = HtmlHelper.js; sourceTree = "<group>"; };
		6C84D968230FDD8A003B6E70 /* jquery-1.12.4.js */ = {isa = PBXFileReference; fileEncoding = 4; lastKnownFileType = sourcecode.javascript; path = "jquery-1.12.4.js"; sourceTree = "<group>"; };
		6C84D969230FDD8A003B6E70 /* jquery-3.1.1.min.js */ = {isa = PBXFileReference; fileEncoding = 4; lastKnownFileType = sourcecode.javascript; path = "jquery-3.1.1.min.js"; sourceTree = "<group>"; };
		6C84D96A230FDD8A003B6E70 /* jquery.lazyload.js */ = {isa = PBXFileReference; fileEncoding = 4; lastKnownFileType = sourcecode.javascript; path = jquery.lazyload.js; sourceTree = "<group>"; };
		6C84D96B230FDD8A003B6E70 /* jquery.lazyload.min.js */ = {isa = PBXFileReference; fileEncoding = 4; lastKnownFileType = sourcecode.javascript; path = jquery.lazyload.min.js; sourceTree = "<group>"; };
		6C84D96C230FDD8A003B6E70 /* jquery-3.1.1.js */ = {isa = PBXFileReference; fileEncoding = 4; lastKnownFileType = sourcecode.javascript; path = "jquery-3.1.1.js"; sourceTree = "<group>"; };
		6C84D96D230FDD8A003B6E70 /* HtmlHelper.swift */ = {isa = PBXFileReference; fileEncoding = 4; lastKnownFileType = sourcecode.swift; path = HtmlHelper.swift; sourceTree = "<group>"; };
/* End PBXFileReference section */

/* Begin PBXFrameworksBuildPhase section */
		6C84D8DB230FCEFB003B6E70 /* Frameworks */ = {
			isa = PBXFrameworksBuildPhase;
			buildActionMask = 2147483647;
			files = (
			);
			runOnlyForDeploymentPostprocessing = 0;
		};
/* End PBXFrameworksBuildPhase section */

/* Begin PBXGroup section */
		6C84D8D5230FCEFB003B6E70 = {
			isa = PBXGroup;
			children = (
				6C84D957230FDAF7003B6E70 /* README.md */,
				6C84D8F3230FCF0A003B6E70 /* Core */,
				6C84D8E0230FCEFB003B6E70 /* WrenchBox */,
				6C84D8DF230FCEFB003B6E70 /* Products */,
			);
			sourceTree = "<group>";
		};
		6C84D8DF230FCEFB003B6E70 /* Products */ = {
			isa = PBXGroup;
			children = (
				6C84D8DE230FCEFB003B6E70 /* WrenchBox.app */,
			);
			name = Products;
			sourceTree = "<group>";
		};
		6C84D8E0230FCEFB003B6E70 /* WrenchBox */ = {
			isa = PBXGroup;
			children = (
				6C84D8E1230FCEFB003B6E70 /* AppDelegate.swift */,
				6C84D8E3230FCEFB003B6E70 /* ViewController.swift */,
				6C84D8E5230FCEFB003B6E70 /* Main.storyboard */,
				6C84D8E8230FCEFC003B6E70 /* Assets.xcassets */,
				6C84D8EA230FCEFC003B6E70 /* LaunchScreen.storyboard */,
				6C84D8ED230FCEFC003B6E70 /* Info.plist */,
			);
			path = WrenchBox;
			sourceTree = "<group>";
		};
		6C84D8F3230FCF0A003B6E70 /* Core */ = {
			isa = PBXGroup;
			children = (
				6C84D965230FDD8A003B6E70 /* HtmlHelper */,
				6C84D962230FDD27003B6E70 /* Swizzle */,
				6C84D92C230FD1DE003B6E70 /* YBTheme */,
				6C84D925230FD127003B6E70 /* YBPDFExport */,
			);
			path = Core;
			sourceTree = "<group>";
		};
		6C84D925230FD127003B6E70 /* YBPDFExport */ = {
			isa = PBXGroup;
			children = (
				6C84D92A230FD18C003B6E70 /* YBPDFExport.swift */,
			);
			path = YBPDFExport;
			sourceTree = "<group>";
		};
		6C84D92C230FD1DE003B6E70 /* YBTheme */ = {
			isa = PBXGroup;
			children = (
				6C84D932230FD419003B6E70 /* Theme.swift */,
				6C84D931230FD415003B6E70 /* ThemeManager.swift */,
				6C84D930230FD414003B6E70 /* ThemeProtocol.swift */,
				6C84D933230FD41A003B6E70 /* UIKit */,
			);
			path = YBTheme;
			sourceTree = "<group>";
		};
		6C84D933230FD41A003B6E70 /* UIKit */ = {
			isa = PBXGroup;
			children = (
				6C84D934230FD41A003B6E70 /* ThemeTextView.swift */,
				6C84D935230FD41A003B6E70 /* ThemeTableViewCell.swift */,
				6C84D936230FD41A003B6E70 /* ThemeTableView.swift */,
				6C84D937230FD41A003B6E70 /* ThemeLabel.swift */,
				6C84D938230FD41A003B6E70 /* ThemeCollectionView.swift */,
				6C84D939230FD41A003B6E70 /* ThemeCollectionViewCell.swift */,
				6C84D93A230FD41A003B6E70 /* ThemeTextField.swift */,
				6C84D93B230FD41A003B6E70 /* ThemeToolBar.swift */,
				6C84D93C230FD41A003B6E70 /* ThemeView.swift */,
				6C84D93D230FD41A003B6E70 /* ThemeProgressView.swift */,
				6C84D93E230FD41A003B6E70 /* UINavigationBar+Theme.swift */,
				6C84D93F230FD41A003B6E70 /* UITabBar+Theme.swift */,
				6C84D940230FD41A003B6E70 /* ThemeSearchBar.swift */,
				6C84D941230FD41A003B6E70 /* ThemeSwitch.swift */,
				6C84D942230FD41A003B6E70 /* ThemePageControl.swift */,
				6C84D943230FD41A003B6E70 /* ThemeSlider.swift */,
			);
			path = UIKit;
			sourceTree = "<group>";
		};
		6C84D962230FDD27003B6E70 /* Swizzle */ = {
			isa = PBXGroup;
			children = (
				6C84D963230FDD27003B6E70 /* SwizzleHelper.swift */,
			);
			path = Swizzle;
			sourceTree = "<group>";
		};
		6C84D965230FDD8A003B6E70 /* HtmlHelper */ = {
			isa = PBXGroup;
			children = (
				6C84D966230FDD8A003B6E70 /* js */,
				6C84D96D230FDD8A003B6E70 /* HtmlHelper.swift */,
			);
			path = HtmlHelper;
			sourceTree = "<group>";
		};
		6C84D966230FDD8A003B6E70 /* js */ = {
			isa = PBXGroup;
			children = (
				6C84D967230FDD8A003B6E70 /* HtmlHelper.js */,
				6C84D968230FDD8A003B6E70 /* jquery-1.12.4.js */,
				6C84D969230FDD8A003B6E70 /* jquery-3.1.1.min.js */,
				6C84D96A230FDD8A003B6E70 /* jquery.lazyload.js */,
				6C84D96B230FDD8A003B6E70 /* jquery.lazyload.min.js */,
				6C84D96C230FDD8A003B6E70 /* jquery-3.1.1.js */,
			);
			path = js;
			sourceTree = "<group>";
		};
/* End PBXGroup section */

/* Begin PBXNativeTarget section */
		6C84D8DD230FCEFB003B6E70 /* WrenchBox */ = {
			isa = PBXNativeTarget;
			buildConfigurationList = 6C84D8F0230FCEFC003B6E70 /* Build configuration list for PBXNativeTarget "WrenchBox" */;
			buildPhases = (
				6C84D8DA230FCEFB003B6E70 /* Sources */,
				6C84D8DB230FCEFB003B6E70 /* Frameworks */,
				6C84D8DC230FCEFB003B6E70 /* Resources */,
			);
			buildRules = (
			);
			dependencies = (
			);
			name = WrenchBox;
			productName = WrenchBox;
			productReference = 6C84D8DE230FCEFB003B6E70 /* WrenchBox.app */;
			productType = "com.apple.product-type.application";
		};
/* End PBXNativeTarget section */

/* Begin PBXProject section */
		6C84D8D6230FCEFB003B6E70 /* Project object */ = {
			isa = PBXProject;
			attributes = {
				LastSwiftUpdateCheck = 1030;
				LastUpgradeCheck = 1030;
				ORGANIZATIONNAME = ttttfix;
				TargetAttributes = {
					6C84D8DD230FCEFB003B6E70 = {
						CreatedOnToolsVersion = 10.3;
					};
				};
			};
			buildConfigurationList = 6C84D8D9230FCEFB003B6E70 /* Build configuration list for PBXProject "WrenchBox" */;
			compatibilityVersion = "Xcode 9.3";
			developmentRegion = en;
			hasScannedForEncodings = 0;
			knownRegions = (
				en,
				Base,
			);
			mainGroup = 6C84D8D5230FCEFB003B6E70;
			productRefGroup = 6C84D8DF230FCEFB003B6E70 /* Products */;
			projectDirPath = "";
			projectRoot = "";
			targets = (
				6C84D8DD230FCEFB003B6E70 /* WrenchBox */,
			);
		};
/* End PBXProject section */

/* Begin PBXResourcesBuildPhase section */
		6C84D8DC230FCEFB003B6E70 /* Resources */ = {
			isa = PBXResourcesBuildPhase;
			buildActionMask = 2147483647;
			files = (
				6C84D973230FDD8A003B6E70 /* jquery-3.1.1.js in Resources */,
				6C84D8EC230FCEFC003B6E70 /* LaunchScreen.storyboard in Resources */,
				6C84D8E9230FCEFC003B6E70 /* Assets.xcassets in Resources */,
				6C84D96F230FDD8A003B6E70 /* jquery-1.12.4.js in Resources */,
				6C84D971230FDD8A003B6E70 /* jquery.lazyload.js in Resources */,
				6C84D972230FDD8A003B6E70 /* jquery.lazyload.min.js in Resources */,
				6C84D96E230FDD8A003B6E70 /* HtmlHelper.js in Resources */,
				6C84D958230FDAF7003B6E70 /* README.md in Resources */,
				6C84D8E7230FCEFB003B6E70 /* Main.storyboard in Resources */,
				6C84D970230FDD8A003B6E70 /* jquery-3.1.1.min.js in Resources */,
			);
			runOnlyForDeploymentPostprocessing = 0;
		};
/* End PBXResourcesBuildPhase section */

/* Begin PBXSourcesBuildPhase section */
		6C84D8DA230FCEFB003B6E70 /* Sources */ = {
			isa = PBXSourcesBuildPhase;
			buildActionMask = 2147483647;
			files = (
				6C84D974230FDD8A003B6E70 /* HtmlHelper.swift in Sources */,
				6C84D94A230FD41A003B6E70 /* ThemeLabel.swift in Sources */,
				6C84D952230FD41A003B6E70 /* UITabBar+Theme.swift in Sources */,
				6C84D947230FD41A003B6E70 /* ThemeTextView.swift in Sources */,
				6C84D955230FD41A003B6E70 /* ThemePageControl.swift in Sources */,
				6C84D94C230FD41A003B6E70 /* ThemeCollectionViewCell.swift in Sources */,
				6C84D951230FD41A003B6E70 /* UINavigationBar+Theme.swift in Sources */,
				6C84D948230FD41A003B6E70 /* ThemeTableViewCell.swift in Sources */,
				6C84D949230FD41A003B6E70 /* ThemeTableView.swift in Sources */,
				6C84D950230FD41A003B6E70 /* ThemeProgressView.swift in Sources */,
				6C84D94D230FD41A003B6E70 /* ThemeTextField.swift in Sources */,
				6C84D8E4230FCEFB003B6E70 /* ViewController.swift in Sources */,
				6C84D94B230FD41A003B6E70 /* ThemeCollectionView.swift in Sources */,
				6C84D953230FD41A003B6E70 /* ThemeSearchBar.swift in Sources */,
				6C84D8E2230FCEFB003B6E70 /* AppDelegate.swift in Sources */,
				6C84D954230FD41A003B6E70 /* ThemeSwitch.swift in Sources */,
				6C84D94E230FD41A003B6E70 /* ThemeToolBar.swift in Sources */,
				6C84D945230FD41A003B6E70 /* ThemeManager.swift in Sources */,
				6C84D946230FD41A003B6E70 /* Theme.swift in Sources */,
				6C84D956230FD41A003B6E70 /* ThemeSlider.swift in Sources */,
				6C84D92B230FD18C003B6E70 /* YBPDFExport.swift in Sources */,
				6C84D964230FDD27003B6E70 /* SwizzleHelper.swift in Sources */,
				6C84D94F230FD41A003B6E70 /* ThemeView.swift in Sources */,
				6C84D944230FD41A003B6E70 /* ThemeProtocol.swift in Sources */,
			);
			runOnlyForDeploymentPostprocessing = 0;
		};
/* End PBXSourcesBuildPhase section */

/* Begin PBXVariantGroup section */
		6C84D8E5230FCEFB003B6E70 /* Main.storyboard */ = {
			isa = PBXVariantGroup;
			children = (
				6C84D8E6230FCEFB003B6E70 /* Base */,
			);
			name = Main.storyboard;
			sourceTree = "<group>";
		};
		6C84D8EA230FCEFC003B6E70 /* LaunchScreen.storyboard */ = {
			isa = PBXVariantGroup;
			children = (
				6C84D8EB230FCEFC003B6E70 /* Base */,
			);
			name = LaunchScreen.storyboard;
			sourceTree = "<group>";
		};
/* End PBXVariantGroup section */

/* Begin XCBuildConfiguration section */
		6C84D8EE230FCEFC003B6E70 /* Debug */ = {
			isa = XCBuildConfiguration;
			buildSettings = {
				ALWAYS_SEARCH_USER_PATHS = NO;
				CLANG_ANALYZER_NONNULL = YES;
				CLANG_ANALYZER_NUMBER_OBJECT_CONVERSION = YES_AGGRESSIVE;
				CLANG_CXX_LANGUAGE_STANDARD = "gnu++14";
				CLANG_CXX_LIBRARY = "libc++";
				CLANG_ENABLE_MODULES = YES;
				CLANG_ENABLE_OBJC_ARC = YES;
				CLANG_ENABLE_OBJC_WEAK = YES;
				CLANG_WARN_BLOCK_CAPTURE_AUTORELEASING = YES;
				CLANG_WARN_BOOL_CONVERSION = YES;
				CLANG_WARN_COMMA = YES;
				CLANG_WARN_CONSTANT_CONVERSION = YES;
				CLANG_WARN_DEPRECATED_OBJC_IMPLEMENTATIONS = YES;
				CLANG_WARN_DIRECT_OBJC_ISA_USAGE = YES_ERROR;
				CLANG_WARN_DOCUMENTATION_COMMENTS = YES;
				CLANG_WARN_EMPTY_BODY = YES;
				CLANG_WARN_ENUM_CONVERSION = YES;
				CLANG_WARN_INFINITE_RECURSION = YES;
				CLANG_WARN_INT_CONVERSION = YES;
				CLANG_WARN_NON_LITERAL_NULL_CONVERSION = YES;
				CLANG_WARN_OBJC_IMPLICIT_RETAIN_SELF = YES;
				CLANG_WARN_OBJC_LITERAL_CONVERSION = YES;
				CLANG_WARN_OBJC_ROOT_CLASS = YES_ERROR;
				CLANG_WARN_RANGE_LOOP_ANALYSIS = YES;
				CLANG_WARN_STRICT_PROTOTYPES = YES;
				CLANG_WARN_SUSPICIOUS_MOVE = YES;
				CLANG_WARN_UNGUARDED_AVAILABILITY = YES_AGGRESSIVE;
				CLANG_WARN_UNREACHABLE_CODE = YES;
				CLANG_WARN__DUPLICATE_METHOD_MATCH = YES;
				CODE_SIGN_IDENTITY = "iPhone Developer";
				COPY_PHASE_STRIP = NO;
				DEBUG_INFORMATION_FORMAT = dwarf;
				ENABLE_STRICT_OBJC_MSGSEND = YES;
				ENABLE_TESTABILITY = YES;
				GCC_C_LANGUAGE_STANDARD = gnu11;
				GCC_DYNAMIC_NO_PIC = NO;
				GCC_NO_COMMON_BLOCKS = YES;
				GCC_OPTIMIZATION_LEVEL = 0;
				GCC_PREPROCESSOR_DEFINITIONS = (
					"DEBUG=1",
					"$(inherited)",
				);
				GCC_WARN_64_TO_32_BIT_CONVERSION = YES;
				GCC_WARN_ABOUT_RETURN_TYPE = YES_ERROR;
				GCC_WARN_UNDECLARED_SELECTOR = YES;
				GCC_WARN_UNINITIALIZED_AUTOS = YES_AGGRESSIVE;
				GCC_WARN_UNUSED_FUNCTION = YES;
				GCC_WARN_UNUSED_VARIABLE = YES;
				IPHONEOS_DEPLOYMENT_TARGET = 12.4;
				MTL_ENABLE_DEBUG_INFO = INCLUDE_SOURCE;
				MTL_FAST_MATH = YES;
				ONLY_ACTIVE_ARCH = YES;
				SDKROOT = iphoneos;
				SWIFT_ACTIVE_COMPILATION_CONDITIONS = DEBUG;
				SWIFT_OPTIMIZATION_LEVEL = "-Onone";
			};
			name = Debug;
		};
		6C84D8EF230FCEFC003B6E70 /* Release */ = {
			isa = XCBuildConfiguration;
			buildSettings = {
				ALWAYS_SEARCH_USER_PATHS = NO;
				CLANG_ANALYZER_NONNULL = YES;
				CLANG_ANALYZER_NUMBER_OBJECT_CONVERSION = YES_AGGRESSIVE;
				CLANG_CXX_LANGUAGE_STANDARD = "gnu++14";
				CLANG_CXX_LIBRARY = "libc++";
				CLANG_ENABLE_MODULES = YES;
				CLANG_ENABLE_OBJC_ARC = YES;
				CLANG_ENABLE_OBJC_WEAK = YES;
				CLANG_WARN_BLOCK_CAPTURE_AUTORELEASING = YES;
				CLANG_WARN_BOOL_CONVERSION = YES;
				CLANG_WARN_COMMA = YES;
				CLANG_WARN_CONSTANT_CONVERSION = YES;
				CLANG_WARN_DEPRECATED_OBJC_IMPLEMENTATIONS = YES;
				CLANG_WARN_DIRECT_OBJC_ISA_USAGE = YES_ERROR;
				CLANG_WARN_DOCUMENTATION_COMMENTS = YES;
				CLANG_WARN_EMPTY_BODY = YES;
				CLANG_WARN_ENUM_CONVERSION = YES;
				CLANG_WARN_INFINITE_RECURSION = YES;
				CLANG_WARN_INT_CONVERSION = YES;
				CLANG_WARN_NON_LITERAL_NULL_CONVERSION = YES;
				CLANG_WARN_OBJC_IMPLICIT_RETAIN_SELF = YES;
				CLANG_WARN_OBJC_LITERAL_CONVERSION = YES;
				CLANG_WARN_OBJC_ROOT_CLASS = YES_ERROR;
				CLANG_WARN_RANGE_LOOP_ANALYSIS = YES;
				CLANG_WARN_STRICT_PROTOTYPES = YES;
				CLANG_WARN_SUSPICIOUS_MOVE = YES;
				CLANG_WARN_UNGUARDED_AVAILABILITY = YES_AGGRESSIVE;
				CLANG_WARN_UNREACHABLE_CODE = YES;
				CLANG_WARN__DUPLICATE_METHOD_MATCH = YES;
				CODE_SIGN_IDENTITY = "iPhone Developer";
				COPY_PHASE_STRIP = NO;
				DEBUG_INFORMATION_FORMAT = "dwarf-with-dsym";
				ENABLE_NS_ASSERTIONS = NO;
				ENABLE_STRICT_OBJC_MSGSEND = YES;
				GCC_C_LANGUAGE_STANDARD = gnu11;
				GCC_NO_COMMON_BLOCKS = YES;
				GCC_WARN_64_TO_32_BIT_CONVERSION = YES;
				GCC_WARN_ABOUT_RETURN_TYPE = YES_ERROR;
				GCC_WARN_UNDECLARED_SELECTOR = YES;
				GCC_WARN_UNINITIALIZED_AUTOS = YES_AGGRESSIVE;
				GCC_WARN_UNUSED_FUNCTION = YES;
				GCC_WARN_UNUSED_VARIABLE = YES;
				IPHONEOS_DEPLOYMENT_TARGET = 12.4;
				MTL_ENABLE_DEBUG_INFO = NO;
				MTL_FAST_MATH = YES;
				SDKROOT = iphoneos;
				SWIFT_COMPILATION_MODE = wholemodule;
				SWIFT_OPTIMIZATION_LEVEL = "-O";
				VALIDATE_PRODUCT = YES;
			};
			name = Release;
		};
		6C84D8F1230FCEFC003B6E70 /* Debug */ = {
			isa = XCBuildConfiguration;
			buildSettings = {
				ASSETCATALOG_COMPILER_APPICON_NAME = AppIcon;
				CODE_SIGN_STYLE = Manual;
				DEVELOPMENT_TEAM = 78QC54LK2A;
				INFOPLIST_FILE = WrenchBox/Info.plist;
				LD_RUNPATH_SEARCH_PATHS = (
					"$(inherited)",
					"@executable_path/Frameworks",
				);
				PRODUCT_BUNDLE_IDENTIFIER = com.juxin.WeLease;
				PRODUCT_NAME = "$(TARGET_NAME)";
				PROVISIONING_PROFILE_SPECIFIER = welease_development;
				SWIFT_VERSION = 5.0;
				TARGETED_DEVICE_FAMILY = "1,2";
			};
			name = Debug;
		};
		6C84D8F2230FCEFC003B6E70 /* Release */ = {
			isa = XCBuildConfiguration;
			buildSettings = {
				ASSETCATALOG_COMPILER_APPICON_NAME = AppIcon;
				CODE_SIGN_STYLE = Manual;
				DEVELOPMENT_TEAM = "";
				INFOPLIST_FILE = WrenchBox/Info.plist;
				LD_RUNPATH_SEARCH_PATHS = (
					"$(inherited)",
					"@executable_path/Frameworks",
				);
				PRODUCT_BUNDLE_IDENTIFIER = com.juxin.WeLease;
				PRODUCT_NAME = "$(TARGET_NAME)";
				PROVISIONING_PROFILE_SPECIFIER = "";
				SWIFT_VERSION = 5.0;
				TARGETED_DEVICE_FAMILY = "1,2";
			};
			name = Release;
		};
/* End XCBuildConfiguration section */

/* Begin XCConfigurationList section */
		6C84D8D9230FCEFB003B6E70 /* Build configuration list for PBXProject "WrenchBox" */ = {
			isa = XCConfigurationList;
			buildConfigurations = (
				6C84D8EE230FCEFC003B6E70 /* Debug */,
				6C84D8EF230FCEFC003B6E70 /* Release */,
			);
			defaultConfigurationIsVisible = 0;
			defaultConfigurationName = Release;
		};
		6C84D8F0230FCEFC003B6E70 /* Build configuration list for PBXNativeTarget "WrenchBox" */ = {
			isa = XCConfigurationList;
			buildConfigurations = (
				6C84D8F1230FCEFC003B6E70 /* Debug */,
				6C84D8F2230FCEFC003B6E70 /* Release */,
			);
			defaultConfigurationIsVisible = 0;
			defaultConfigurationName = Release;
		};
/* End XCConfigurationList section */
	};
	rootObject = 6C84D8D6230FCEFB003B6E70 /* Project object */;
}
